<?xml version="1.0" encoding="utf-8"?>
<Project ToolsVersion="4.0" xmlns="http://schemas.microsoft.com/developer/msbuild/2003">
  <ItemGroup>
    <Filter Include="Source Files">
      <UniqueIdentifier>{4FC737F1-C7A5-4376-A066-2A32D752A2FF}</UniqueIdentifier>
      <Extensions>cpp;c;cc;cxx;c++;cppm;ixx;def;odl;idl;hpj;bat;asm;asmx</Extensions>
    </Filter>
    <Filter Include="Header Files">
      <UniqueIdentifier>{93995380-89BD-4b04-88EB-625FBE52EBFB}</UniqueIdentifier>
      <Extensions>h;hh;hpp;hxx;h++;hm;inl;inc;ipp;xsd</Extensions>
    </Filter>
    <Filter Include="Resource Files">
      <UniqueIdentifier>{67DA6AB6-F800-4c08-8B7A-83BB121AAD01}</UniqueIdentifier>
      <Extensions>rc;ico;cur;bmp;dlg;rc2;rct;bin;rgs;gif;jpg;jpeg;jpe;resx;tiff;tif;png;wav;mfcribbon-ms</Extensions>
    </Filter>
    <Filter Include="Header Files\Animation">
      <UniqueIdentifier>{f8469c9c-966f-4d56-88d0-f7d6b1087b5c}</UniqueIdentifier>
    </Filter>
    <Filter Include="Header Files\Codec">
      <UniqueIdentifier>{cbcb9ee5-7057-4cb8-ad01-fd59a76b2def}</UniqueIdentifier>
    </Filter>
    <Filter Include="Header Files\Container">
      <UniqueIdentifier>{b543a6d1-2ba3-4fc1-b847-d4813fd338f9}</UniqueIdentifier>
    </Filter>
    <Filter Include="Header Files\DataIO">
      <UniqueIdentifier>{a88587c6-b8d4-4ecf-9dbb-72157b50585c}</UniqueIdentifier>
    </Filter>
    <Filter Include="Header Files\Codec\Factory">
      <UniqueIdentifier>{af8aeeb2-5b6f-4f49-982a-df8a75fe1531}</UniqueIdentifier>
    </Filter>
    <Filter Include="Header Files\Codec\Factory\Formats">
      <UniqueIdentifier>{e38b967e-7a4c-47b8-b391-6d90d84dffac}</UniqueIdentifier>
    </Filter>
    <Filter Include="Header Files\Acts">
      <UniqueIdentifier>{c92732f7-6f8b-4752-85de-e1a0ab7b0800}</UniqueIdentifier>
    </Filter>
    <Filter Include="Header Files\Hash">
      <UniqueIdentifier>{2c0665a8-73d3-4391-85d4-f6b791c9fa9e}</UniqueIdentifier>
    </Filter>
  </ItemGroup>
  <ItemGroup>
    <ClCompile Include="Container\C_YukesAnimFile.cpp">
      <Filter>Header Files\Container</Filter>
    </ClCompile>
    <ClCompile Include="Animation\C_YukesAnim.cpp">
      <Filter>Header Files\Animation</Filter>
    </ClCompile>
    <ClCompile Include="Container\C_YAnimRegistry.cpp">
      <Filter>Header Files\Container</Filter>
    </ClCompile>
    <ClCompile Include="Codec\C_YukesDecoder.cpp">
      <Filter>Header Files\Codec</Filter>
    </ClCompile>
    <ClCompile Include="main.cpp">
      <Filter>Source Files</Filter>
    </ClCompile>
    <ClCompile Include="Animation\AnimationUtils.cpp">
      <Filter>Header Files\Animation</Filter>
    </ClCompile>
    <ClCompile Include="Acts\C_YukesActsFile.cpp">
      <Filter>Header Files\Acts</Filter>
    </ClCompile>
    <ClCompile Include="Acts\YukesActsLegacy.cpp">
      <Filter>Header Files\Acts</Filter>
    </ClCompile>
  </ItemGroup>
  <ItemGroup>
    <ClInclude Include="DataIO\BinaryIO.h">
      <Filter>Header Files\DataIO</Filter>
    </ClInclude>
    <ClInclude Include="Container\C_YukesAnimFile.h">
      <Filter>Header Files\Container</Filter>
    </ClInclude>
    <ClInclude Include="Container\C_YAnimRegistry.h">
      <Filter>Header Files\Container</Filter>
    </ClInclude>
    <ClInclude Include="Codec\Factory\C_YAnimDecodeFactory.h">
      <Filter>Header Files\Codec\Factory</Filter>
    </ClInclude>
    <ClInclude Include="Codec\Factory\Formats\YAnimFormat03_04.h">
      <Filter>Header Files\Codec\Factory\Formats</Filter>
    </ClInclude>
    <ClInclude Include="Codec\Factory\Formats\YAnimFormat23_00.h">
      <Filter>Header Files\Codec\Factory\Formats</Filter>
    </ClInclude>
    <ClInclude Include="Codec\Factory\Formats\YAnimFormat00_00.h">
      <Filter>Header Files\Codec\Factory\Formats</Filter>
    </ClInclude>
    <ClInclude Include="Codec\Factory\Formats\YAnimFormat02_04.h">
      <Filter>Header Files\Codec\Factory\Formats</Filter>
    </ClInclude>
    <ClInclude Include="Codec\Factory\Formats\YAnimFormat22_00.h">
      <Filter>Header Files\Codec\Factory\Formats</Filter>
    </ClInclude>
    <ClInclude Include="Codec\Factory\Formats\YAnimFormat02_01.h">
      <Filter>Header Files\Codec\Factory\Formats</Filter>
    </ClInclude>
    <ClInclude Include="Codec\Factory\YukesAnimEnum.h">
      <Filter>Header Files\Codec\Factory</Filter>
    </ClInclude>
    <ClInclude Include="Codec\Factory\Formats\YAnimFormat02_02.h">
      <Filter>Header Files\Codec\Factory\Formats</Filter>
    </ClInclude>
    <ClInclude Include="Codec\Factory\Formats\YAnimFormat21_00.h">
      <Filter>Header Files\Codec\Factory\Formats</Filter>
    </ClInclude>
    <ClInclude Include="Codec\Factory\Formats\YAnimFormat53_00.h">
      <Filter>Header Files\Codec\Factory\Formats</Filter>
    </ClInclude>
    <ClInclude Include="Codec\Factory\Formats\YAnimFormat43_00.h">
      <Filter>Header Files\Codec\Factory\Formats</Filter>
    </ClInclude>
    <ClInclude Include="Codec\Factory\Formats\YAnimFormat01_00.h">
      <Filter>Header Files\Codec\Factory\Formats</Filter>
    </ClInclude>
    <ClInclude Include="Codec\Factory\Formats\YAnimFormat51_00.h">
      <Filter>Header Files\Codec\Factory\Formats</Filter>
    </ClInclude>
    <ClInclude Include="Codec\Factory\Formats\YAnimFormat40_00.h">
      <Filter>Header Files\Codec\Factory\Formats</Filter>
    </ClInclude>
    <ClInclude Include="Codec\Factory\Formats\YAnimFormat41_00.h">
      <Filter>Header Files\Codec\Factory\Formats</Filter>
    </ClInclude>
    <ClInclude Include="Codec\Factory\Formats\YAnimFormat42_00.h">
      <Filter>Header Files\Codec\Factory\Formats</Filter>
    </ClInclude>
    <ClInclude Include="Codec\Factory\Formats\YAnimFormat50_00.h">
      <Filter>Header Files\Codec\Factory\Formats</Filter>
    </ClInclude>
    <ClInclude Include="Codec\Factory\Formats\YAnimFormat52_00.h">
      <Filter>Header Files\Codec\Factory\Formats</Filter>
    </ClInclude>
    <ClInclude Include="Codec\Factory\Formats\YAnimFormatA0_00.h">
      <Filter>Header Files\Codec\Factory\Formats</Filter>
    </ClInclude>
    <ClInclude Include="Animation\AnimationUtils.h">
      <Filter>Header Files\Animation</Filter>
    </ClInclude>
    <ClInclude Include="Codec\C_YukesDecoder.h">
      <Filter>Header Files\Codec</Filter>
    </ClInclude>
    <ClInclude Include="Acts\C_YukesActsFile.h">
      <Filter>Header Files\Acts</Filter>
    </ClInclude>
    <ClInclude Include="Acts\YukesActsLegacy.h">
      <Filter>Header Files\Acts</Filter>
    </ClInclude>
    <ClInclude Include="Hash\C_YukesHash32.h">
      <Filter>Header Files\Hash</Filter>
    </ClInclude>
    <ClInclude Include="Codec\Factory\Formats\YAnimFormat02_00.h">
      <Filter>Header Files\Codec\Factory\Formats</Filter>
    </ClInclude>
    <ClInclude Include="Animation\C_YukesAnim.h">
      <Filter>Header Files\Codec</Filter>
    </ClInclude>
    <ClInclude Include="Codec\Factory\Formats\YAnimFormat00_04.h">
      <Filter>Header Files\Codec\Factory\Formats</Filter>
    </ClInclude>
    <ClInclude Include="Codec\Factory\Formats\YAnimFormat01_04.h">
      <Filter>Header Files\Codec\Factory\Formats</Filter>
    </ClInclude>
    <ClInclude Include="Codec\Factory\Formats\YAnimFormat00_01.h">
      <Filter>Header Files\Codec\Factory\Formats</Filter>
    </ClInclude>
    <ClInclude Include="Codec\Factory\Formats\YAnimFormatA2_00.h">
      <Filter>Header Files\Codec\Factory\Formats</Filter>
    </ClInclude>
  </ItemGroup>
</Project>